// !$*UTF8*$!
{
	archiveVersion = 1;
	classes = {
	};
	objectVersion = 46;
	objects = {

/* Begin PBXBuildFile section */
		D14DEA331EFD9847000ECE78 /* GroceryTableHeader.swift in Sources */ = {isa = PBXBuildFile; fileRef = D14DEA311EFD9847000ECE78 /* GroceryTableHeader.swift */; };
		D14DEA341EFD9847000ECE78 /* GroceryTableHeader.xib in Resources */ = {isa = PBXBuildFile; fileRef = D14DEA321EFD9847000ECE78 /* GroceryTableHeader.xib */; };
		D14DEA361EFDDB5A000ECE78 /* AppColours.swift in Sources */ = {isa = PBXBuildFile; fileRef = D14DEA351EFDDB5A000ECE78 /* AppColours.swift */; };
		D14DEA381EFEB9A9000ECE78 /* GoogleService-Info.plist in Resources */ = {isa = PBXBuildFile; fileRef = D14DEA371EFEB9A9000ECE78 /* GoogleService-Info.plist */; };
		D15E339C1EF205BA004D8B2E /* Constants.swift in Sources */ = {isa = PBXBuildFile; fileRef = D15E339B1EF205BA004D8B2E /* Constants.swift */; };
		D15E33A71EF31050004D8B2E /* GroceryItem.swift in Sources */ = {isa = PBXBuildFile; fileRef = D15E33A61EF31050004D8B2E /* GroceryItem.swift */; };
		D15E33A91EF32808004D8B2E /* AddEditItemViewController.swift in Sources */ = {isa = PBXBuildFile; fileRef = D15E33A81EF32808004D8B2E /* AddEditItemViewController.swift */; };
		D19E34591EF08C18006455DD /* AppDelegate.swift in Sources */ = {isa = PBXBuildFile; fileRef = D19E34581EF08C18006455DD /* AppDelegate.swift */; };
		D19E345B1EF08C18006455DD /* ListViewController.swift in Sources */ = {isa = PBXBuildFile; fileRef = D19E345A1EF08C18006455DD /* ListViewController.swift */; };
		D19E345E1EF08C18006455DD /* Main.storyboard in Resources */ = {isa = PBXBuildFile; fileRef = D19E345C1EF08C18006455DD /* Main.storyboard */; };
		D19E34601EF08C18006455DD /* Assets.xcassets in Resources */ = {isa = PBXBuildFile; fileRef = D19E345F1EF08C18006455DD /* Assets.xcassets */; };
		D19E34631EF08C18006455DD /* LaunchScreen.storyboard in Resources */ = {isa = PBXBuildFile; fileRef = D19E34611EF08C18006455DD /* LaunchScreen.storyboard */; };
		E5904D1807F9CA5E6B09DD4E /* Pods_Grocery.framework in Frameworks */ = {isa = PBXBuildFile; fileRef = 1C89294A66988F301F9BC91C /* Pods_Grocery.framework */; };
/* End PBXBuildFile section */

/* Begin PBXFileReference section */
		1C89294A66988F301F9BC91C /* Pods_Grocery.framework */ = {isa = PBXFileReference; explicitFileType = wrapper.framework; includeInIndex = 0; path = Pods_Grocery.framework; sourceTree = BUILT_PRODUCTS_DIR; };
		47C2A509875A783681BD99AC /* Pods-Grocery.debug.xcconfig */ = {isa = PBXFileReference; includeInIndex = 1; lastKnownFileType = text.xcconfig; name = "Pods-Grocery.debug.xcconfig"; path = "Pods/Target Support Files/Pods-Grocery/Pods-Grocery.debug.xcconfig"; sourceTree = "<group>"; };
		5F0F88E08F0D4A0407A8D3F7 /* Pods-Grocery.release.xcconfig */ = {isa = PBXFileReference; includeInIndex = 1; lastKnownFileType = text.xcconfig; name = "Pods-Grocery.release.xcconfig"; path = "Pods/Target Support Files/Pods-Grocery/Pods-Grocery.release.xcconfig"; sourceTree = "<group>"; };
		D14DEA311EFD9847000ECE78 /* GroceryTableHeader.swift */ = {isa = PBXFileReference; fileEncoding = 4; lastKnownFileType = sourcecode.swift; path = GroceryTableHeader.swift; sourceTree = "<group>"; };
		D14DEA321EFD9847000ECE78 /* GroceryTableHeader.xib */ = {isa = PBXFileReference; fileEncoding = 4; lastKnownFileType = file.xib; path = GroceryTableHeader.xib; sourceTree = "<group>"; };
		D14DEA351EFDDB5A000ECE78 /* AppColours.swift */ = {isa = PBXFileReference; fileEncoding = 4; lastKnownFileType = sourcecode.swift; path = AppColours.swift; sourceTree = "<group>"; };
		D14DEA371EFEB9A9000ECE78 /* GoogleService-Info.plist */ = {isa = PBXFileReference; fileEncoding = 4; lastKnownFileType = text.plist.xml; path = "GoogleService-Info.plist"; sourceTree = "<group>"; };
		D15E339B1EF205BA004D8B2E /* Constants.swift */ = {isa = PBXFileReference; fileEncoding = 4; lastKnownFileType = sourcecode.swift; path = Constants.swift; sourceTree = "<group>"; };
		D15E33A61EF31050004D8B2E /* GroceryItem.swift */ = {isa = PBXFileReference; fileEncoding = 4; lastKnownFileType = sourcecode.swift; path = GroceryItem.swift; sourceTree = "<group>"; };
		D15E33A81EF32808004D8B2E /* AddEditItemViewController.swift */ = {isa = PBXFileReference; fileEncoding = 4; lastKnownFileType = sourcecode.swift; path = AddEditItemViewController.swift; sourceTree = "<group>"; };
		D19E34551EF08C18006455DD /* Grocery.app */ = {isa = PBXFileReference; explicitFileType = wrapper.application; includeInIndex = 0; path = Grocery.app; sourceTree = BUILT_PRODUCTS_DIR; };
		D19E34581EF08C18006455DD /* AppDelegate.swift */ = {isa = PBXFileReference; lastKnownFileType = sourcecode.swift; path = AppDelegate.swift; sourceTree = "<group>"; };
		D19E345A1EF08C18006455DD /* ListViewController.swift */ = {isa = PBXFileReference; lastKnownFileType = sourcecode.swift; path = ListViewController.swift; sourceTree = "<group>"; };
		D19E345D1EF08C18006455DD /* Base */ = {isa = PBXFileReference; lastKnownFileType = file.storyboard; name = Base; path = Base.lproj/Main.storyboard; sourceTree = "<group>"; };
		D19E345F1EF08C18006455DD /* Assets.xcassets */ = {isa = PBXFileReference; lastKnownFileType = folder.assetcatalog; path = Assets.xcassets; sourceTree = "<group>"; };
		D19E34621EF08C18006455DD /* Base */ = {isa = PBXFileReference; lastKnownFileType = file.storyboard; name = Base; path = Base.lproj/LaunchScreen.storyboard; sourceTree = "<group>"; };
		D19E34641EF08C18006455DD /* Info.plist */ = {isa = PBXFileReference; lastKnownFileType = text.plist.xml; path = Info.plist; sourceTree = "<group>"; };
/* End PBXFileReference section */

/* Begin PBXFrameworksBuildPhase section */
		D19E34521EF08C18006455DD /* Frameworks */ = {
			isa = PBXFrameworksBuildPhase;
			buildActionMask = 2147483647;
			files = (
				E5904D1807F9CA5E6B09DD4E /* Pods_Grocery.framework in Frameworks */,
			);
			runOnlyForDeploymentPostprocessing = 0;
		};
/* End PBXFrameworksBuildPhase section */

/* Begin PBXGroup section */
		1AEBECAC3E918302BCB99265 /* Pods */ = {
			isa = PBXGroup;
			children = (
				47C2A509875A783681BD99AC /* Pods-Grocery.debug.xcconfig */,
				5F0F88E08F0D4A0407A8D3F7 /* Pods-Grocery.release.xcconfig */,
			);
			name = Pods;
			sourceTree = "<group>";
		};
		657C813ABB35825A617CC348 /* Frameworks */ = {
			isa = PBXGroup;
			children = (
				1C89294A66988F301F9BC91C /* Pods_Grocery.framework */,
			);
			name = Frameworks;
			sourceTree = "<group>";
		};
		D14DEA2A1EFD2C4A000ECE78 /* Common */ = {
			isa = PBXGroup;
			children = (
				D14DEA2C1EFD2D8D000ECE78 /* Header */,
			);
			name = Common;
			sourceTree = "<group>";
		};
		D14DEA2C1EFD2D8D000ECE78 /* Header */ = {
			isa = PBXGroup;
			children = (
				D14DEA311EFD9847000ECE78 /* GroceryTableHeader.swift */,
				D14DEA321EFD9847000ECE78 /* GroceryTableHeader.xib */,
			);
			name = Header;
			sourceTree = "<group>";
		};
		D15E33991EF2058F004D8B2E /* Others */ = {
			isa = PBXGroup;
			children = (
				D19E345F1EF08C18006455DD /* Assets.xcassets */,
				D19E34611EF08C18006455DD /* LaunchScreen.storyboard */,
				D19E34641EF08C18006455DD /* Info.plist */,
				D14DEA371EFEB9A9000ECE78 /* GoogleService-Info.plist */,
			);
			name = Others;
			sourceTree = "<group>";
		};
		D15E339A1EF2059F004D8B2E /* Helpers */ = {
			isa = PBXGroup;
			children = (
				D15E339B1EF205BA004D8B2E /* Constants.swift */,
				D14DEA351EFDDB5A000ECE78 /* AppColours.swift */,
			);
			name = Helpers;
			sourceTree = "<group>";
		};
		D15E339D1EF2C4BF004D8B2E /* GroceryList */ = {
			isa = PBXGroup;
			children = (
				D15E33A51EF3103D004D8B2E /* Controller */,
				D15E33A41EF31035004D8B2E /* Model */,
			);
			name = GroceryList;
			sourceTree = "<group>";
		};
		D15E339E1EF2C4C9004D8B2E /* Feature */ = {
			isa = PBXGroup;
			children = (
				D14DEA2A1EFD2C4A000ECE78 /* Common */,
				D15E339D1EF2C4BF004D8B2E /* GroceryList */,
			);
			name = Feature;
			sourceTree = "<group>";
		};
		D15E33A41EF31035004D8B2E /* Model */ = {
			isa = PBXGroup;
			children = (
				D15E33A61EF31050004D8B2E /* GroceryItem.swift */,
			);
			name = Model;
			sourceTree = "<group>";
		};
		D15E33A51EF3103D004D8B2E /* Controller */ = {
			isa = PBXGroup;
			children = (
				D19E345A1EF08C18006455DD /* ListViewController.swift */,
				D15E33A81EF32808004D8B2E /* AddEditItemViewController.swift */,
			);
			name = Controller;
			sourceTree = "<group>";
		};
		D19E344C1EF08C18006455DD = {
			isa = PBXGroup;
			children = (
				D19E34571EF08C18006455DD /* Grocery */,
				D19E34561EF08C18006455DD /* Products */,
				1AEBECAC3E918302BCB99265 /* Pods */,
				657C813ABB35825A617CC348 /* Frameworks */,
			);
			sourceTree = "<group>";
		};
		D19E34561EF08C18006455DD /* Products */ = {
			isa = PBXGroup;
			children = (
				D19E34551EF08C18006455DD /* Grocery.app */,
			);
			name = Products;
			sourceTree = "<group>";
		};
		D19E34571EF08C18006455DD /* Grocery */ = {
			isa = PBXGroup;
			children = (
				D15E339A1EF2059F004D8B2E /* Helpers */,
				D19E34581EF08C18006455DD /* AppDelegate.swift */,
				D15E339E1EF2C4C9004D8B2E /* Feature */,
				D19E345C1EF08C18006455DD /* Main.storyboard */,
				D15E33991EF2058F004D8B2E /* Others */,
			);
			path = Grocery;
			sourceTree = "<group>";
		};
/* End PBXGroup section */

/* Begin PBXNativeTarget section */
		D19E34541EF08C18006455DD /* Grocery */ = {
			isa = PBXNativeTarget;
			buildConfigurationList = D19E34671EF08C18006455DD /* Build configuration list for PBXNativeTarget "Grocery" */;
			buildPhases = (
				45FDEC7AA8A68A63BE070341 /* [CP] Check Pods Manifest.lock */,
				D19E34511EF08C18006455DD /* Sources */,
				D19E34521EF08C18006455DD /* Frameworks */,
				D19E34531EF08C18006455DD /* Resources */,
				604B67C4E55212B64C11F8CA /* [CP] Embed Pods Frameworks */,
				EA1F616041B7E81AF0161BD7 /* [CP] Copy Pods Resources */,
			);
			buildRules = (
			);
			dependencies = (
			);
			name = Grocery;
			productName = Grocery;
			productReference = D19E34551EF08C18006455DD /* Grocery.app */;
			productType = "com.apple.product-type.application";
		};
/* End PBXNativeTarget section */

/* Begin PBXProject section */
		D19E344D1EF08C18006455DD /* Project object */ = {
			isa = PBXProject;
			attributes = {
				LastSwiftUpdateCheck = 0830;
				LastUpgradeCheck = 0830;
				ORGANIZATIONNAME = "Jagdeep Matharu";
				TargetAttributes = {
					D19E34541EF08C18006455DD = {
						CreatedOnToolsVersion = 8.3.2;
						DevelopmentTeam = P95R99QBWL;
						ProvisioningStyle = Automatic;
					};
				};
			};
			buildConfigurationList = D19E34501EF08C18006455DD /* Build configuration list for PBXProject "Grocery" */;
			compatibilityVersion = "Xcode 3.2";
			developmentRegion = English;
			hasScannedForEncodings = 0;
			knownRegions = (
				en,
				Base,
			);
			mainGroup = D19E344C1EF08C18006455DD;
			productRefGroup = D19E34561EF08C18006455DD /* Products */;
			projectDirPath = "";
			projectRoot = "";
			targets = (
				D19E34541EF08C18006455DD /* Grocery */,
			);
		};
/* End PBXProject section */

/* Begin PBXResourcesBuildPhase section */
		D19E34531EF08C18006455DD /* Resources */ = {
			isa = PBXResourcesBuildPhase;
			buildActionMask = 2147483647;
			files = (
				D19E34631EF08C18006455DD /* LaunchScreen.storyboard in Resources */,
				D19E34601EF08C18006455DD /* Assets.xcassets in Resources */,
				D14DEA381EFEB9A9000ECE78 /* GoogleService-Info.plist in Resources */,
				D19E345E1EF08C18006455DD /* Main.storyboard in Resources */,
				D14DEA341EFD9847000ECE78 /* GroceryTableHeader.xib in Resources */,
			);
			runOnlyForDeploymentPostprocessing = 0;
		};
/* End PBXResourcesBuildPhase section */

/* Begin PBXShellScriptBuildPhase section */
		45FDEC7AA8A68A63BE070341 /* [CP] Check Pods Manifest.lock */ = {
			isa = PBXShellScriptBuildPhase;
			buildActionMask = 2147483647;
			files = (
			);
			inputPaths = (
			);
			name = "[CP] Check Pods Manifest.lock";
			outputPaths = (
			);
			runOnlyForDeploymentPostprocessing = 0;
			shellPath = /bin/sh;
			shellScript = "diff \"${PODS_PODFILE_DIR_PATH}/Podfile.lock\" \"${PODS_ROOT}/Manifest.lock\" > /dev/null\nif [ $? != 0 ] ; then\n    # print error to STDERR\n    echo \"error: The sandbox is not in sync with the Podfile.lock. Run 'pod install' or update your CocoaPods installation.\" >&2\n    exit 1\nfi\n";
			showEnvVarsInLog = 0;
		};
		604B67C4E55212B64C11F8CA /* [CP] Embed Pods Frameworks */ = {
			isa = PBXShellScriptBuildPhase;
			buildActionMask = 2147483647;
			files = (
			);
			inputPaths = (
			);
			name = "[CP] Embed Pods Frameworks";
			outputPaths = (
			);
			runOnlyForDeploymentPostprocessing = 0;
			shellPath = /bin/sh;
			shellScript = "\"${SRCROOT}/Pods/Target Support Files/Pods-Grocery/Pods-Grocery-frameworks.sh\"\n";
			showEnvVarsInLog = 0;
		};
		EA1F616041B7E81AF0161BD7 /* [CP] Copy Pods Resources */ = {
			isa = PBXShellScriptBuildPhase;
			buildActionMask = 2147483647;
			files = (
			);
			inputPaths = (
			);
			name = "[CP] Copy Pods Resources";
			outputPaths = (
			);
			runOnlyForDeploymentPostprocessing = 0;
			shellPath = /bin/sh;
			shellScript = "\"${SRCROOT}/Pods/Target Support Files/Pods-Grocery/Pods-Grocery-resources.sh\"\n";
			showEnvVarsInLog = 0;
		};
/* End PBXShellScriptBuildPhase section */

/* Begin PBXSourcesBuildPhase section */
		D19E34511EF08C18006455DD /* Sources */ = {
			isa = PBXSourcesBuildPhase;
			buildActionMask = 2147483647;
			files = (
				D15E33A91EF32808004D8B2E /* AddEditItemViewController.swift in Sources */,
				D19E345B1EF08C18006455DD /* ListViewController.swift in Sources */,
				D19E34591EF08C18006455DD /* AppDelegate.swift in Sources */,
				D14DEA361EFDDB5A000ECE78 /* AppColours.swift in Sources */,
				D14DEA331EFD9847000ECE78 /* GroceryTableHeader.swift in Sources */,
				D15E33A71EF31050004D8B2E /* GroceryItem.swift in Sources */,
				D15E339C1EF205BA004D8B2E /* Constants.swift in Sources */,
			);
			runOnlyForDeploymentPostprocessing = 0;
		};
/* End PBXSourcesBuildPhase section */

/* Begin PBXVariantGroup section */
		D19E345C1EF08C18006455DD /* Main.storyboard */ = {
			isa = PBXVariantGroup;
			children = (
				D19E345D1EF08C18006455DD /* Base */,
			);
			name = Main.storyboard;
			sourceTree = "<group>";
		};
		D19E34611EF08C18006455DD /* LaunchScreen.storyboard */ = {
			isa = PBXVariantGroup;
			children = (
				D19E34621EF08C18006455DD /* Base */,
			);
			name = LaunchScreen.storyboard;
			sourceTree = "<group>";
		};
/* End PBXVariantGroup section */

/* Begin XCBuildConfiguration section */
		D19E34651EF08C18006455DD /* Debug */ = {
			isa = XCBuildConfiguration;
			buildSettings = {
				ALWAYS_SEARCH_USER_PATHS = NO;
				CLANG_ANALYZER_NONNULL = YES;
				CLANG_ANALYZER_NUMBER_OBJECT_CONVERSION = YES_AGGRESSIVE;
				CLANG_CXX_LANGUAGE_STANDARD = "gnu++0x";
				CLANG_CXX_LIBRARY = "libc++";
				CLANG_ENABLE_MODULES = YES;
				CLANG_ENABLE_OBJC_ARC = YES;
				CLANG_WARN_BOOL_CONVERSION = YES;
				CLANG_WARN_CONSTANT_CONVERSION = YES;
				CLANG_WARN_DIRECT_OBJC_ISA_USAGE = YES_ERROR;
				CLANG_WARN_DOCUMENTATION_COMMENTS = YES;
				CLANG_WARN_EMPTY_BODY = YES;
				CLANG_WARN_ENUM_CONVERSION = YES;
				CLANG_WARN_INFINITE_RECURSION = YES;
				CLANG_WARN_INT_CONVERSION = YES;
				CLANG_WARN_OBJC_ROOT_CLASS = YES_ERROR;
				CLANG_WARN_SUSPICIOUS_MOVE = YES;
				CLANG_WARN_UNREACHABLE_CODE = YES;
				CLANG_WARN__DUPLICATE_METHOD_MATCH = YES;
				"CODE_SIGN_IDENTITY[sdk=iphoneos*]" = "iPhone Developer";
				COPY_PHASE_STRIP = NO;
				DEBUG_INFORMATION_FORMAT = dwarf;
				ENABLE_STRICT_OBJC_MSGSEND = YES;
				ENABLE_TESTABILITY = YES;
				GCC_C_LANGUAGE_STANDARD = gnu99;
				GCC_DYNAMIC_NO_PIC = NO;
				GCC_NO_COMMON_BLOCKS = YES;
				GCC_OPTIMIZATION_LEVEL = 0;
				GCC_PREPROCESSOR_DEFINITIONS = (
					"DEBUG=1",
					"$(inherited)",
				);
				GCC_WARN_64_TO_32_BIT_CONVERSION = YES;
				GCC_WARN_ABOUT_RETURN_TYPE = YES_ERROR;
				GCC_WARN_UNDECLARED_SELECTOR = YES;
				GCC_WARN_UNINITIALIZED_AUTOS = YES_AGGRESSIVE;
				GCC_WARN_UNUSED_FUNCTION = YES;
				GCC_WARN_UNUSED_VARIABLE = YES;
				IPHONEOS_DEPLOYMENT_TARGET = 10.3;
				MTL_ENABLE_DEBUG_INFO = YES;
				ONLY_ACTIVE_ARCH = YES;
				SDKROOT = iphoneos;
				SWIFT_ACTIVE_COMPILATION_CONDITIONS = DEBUG;
				SWIFT_OPTIMIZATION_LEVEL = "-Onone";
			};
			name = Debug;
		};
		D19E34661EF08C18006455DD /* Release */ = {
			isa = XCBuildConfiguration;
			buildSettings = {
				ALWAYS_SEARCH_USER_PATHS = NO;
				CLANG_ANALYZER_NONNULL = YES;
				CLANG_ANALYZER_NUMBER_OBJECT_CONVERSION = YES_AGGRESSIVE;
				CLANG_CXX_LANGUAGE_STANDARD = "gnu++0x";
				CLANG_CXX_LIBRARY = "libc++";
				CLANG_ENABLE_MODULES = YES;
				CLANG_ENABLE_OBJC_ARC = YES;
				CLANG_WARN_BOOL_CONVERSION = YES;
				CLANG_WARN_CONSTANT_CONVERSION = YES;
				CLANG_WARN_DIRECT_OBJC_ISA_USAGE = YES_ERROR;
				CLANG_WARN_DOCUMENTATION_COMMENTS = YES;
				CLANG_WARN_EMPTY_BODY = YES;
				CLANG_WARN_ENUM_CONVERSION = YES;
				CLANG_WARN_INFINITE_RECURSION = YES;
				CLANG_WARN_INT_CONVERSION = YES;
				CLANG_WARN_OBJC_ROOT_CLASS = YES_ERROR;
				CLANG_WARN_SUSPICIOUS_MOVE = YES;
				CLANG_WARN_UNREACHABLE_CODE = YES;
				CLANG_WARN__DUPLICATE_METHOD_MATCH = YES;
				"CODE_SIGN_IDENTITY[sdk=iphoneos*]" = "iPhone Developer";
				COPY_PHASE_STRIP = NO;
				DEBUG_INFORMATION_FORMAT = "dwarf-with-dsym";
				ENABLE_NS_ASSERTIONS = NO;
				ENABLE_STRICT_OBJC_MSGSEND = YES;
				GCC_C_LANGUAGE_STANDARD = gnu99;
				GCC_NO_COMMON_BLOCKS = YES;
				GCC_WARN_64_TO_32_BIT_CONVERSION = YES;
				GCC_WARN_ABOUT_RETURN_TYPE = YES_ERROR;
				GCC_WARN_UNDECLARED_SELECTOR = YES;
				GCC_WARN_UNINITIALIZED_AUTOS = YES_AGGRESSIVE;
				GCC_WARN_UNUSED_FUNCTION = YES;
				GCC_WARN_UNUSED_VARIABLE = YES;
				IPHONEOS_DEPLOYMENT_TARGET = 10.3;
				MTL_ENABLE_DEBUG_INFO = NO;
				SDKROOT = iphoneos;
				SWIFT_OPTIMIZATION_LEVEL = "-Owholemodule";
				VALIDATE_PRODUCT = YES;
			};
			name = Release;
		};
		D19E34681EF08C18006455DD /* Debug */ = {
			isa = XCBuildConfiguration;
			baseConfigurationReference = 47C2A509875A783681BD99AC /* Pods-Grocery.debug.xcconfig */;
			buildSettings = {
				ASSETCATALOG_COMPILER_APPICON_NAME = AppIcon;
				DEVELOPMENT_TEAM = P95R99QBWL;
				INFOPLIST_FILE = Grocery/Info.plist;
				IPHONEOS_DEPLOYMENT_TARGET = 9.3;
				LD_RUNPATH_SEARCH_PATHS = "$(inherited) @executable_path/Frameworks";
				PRODUCT_BUNDLE_IDENTIFIER = com.jmatharu.mylist;
				PRODUCT_NAME = "$(TARGET_NAME)";
				SWIFT_VERSION = 3.0;
			};
			name = Debug;
		};
		D19E34691EF08C18006455DD /* Release */ = {
			isa = XCBuildConfiguration;
			baseConfigurationReference = 5F0F88E08F0D4A0407A8D3F7 /* Pods-Grocery.release.xcconfig */;
			buildSettings = {
				ASSETCATALOG_COMPILER_APPICON_NAME = AppIcon;
				DEVELOPMENT_TEAM = P95R99QBWL;
				INFOPLIST_FILE = Grocery/Info.plist;
				IPHONEOS_DEPLOYMENT_TARGET = 9.3;
				LD_RUNPATH_SEARCH_PATHS = "$(inherited) @executable_path/Frameworks";
				PRODUCT_BUNDLE_IDENTIFIER = com.jmatharu.mylist;
				PRODUCT_NAME = "$(TARGET_NAME)";
				SWIFT_VERSION = 3.0;
			};
			name = Release;
		};
/* End XCBuildConfiguration section */

/* Begin XCConfigurationList section */
		D19E34501EF08C18006455DD /* Build configuration list for PBXProject "Grocery" */ = {
			isa = XCConfigurationList;
			buildConfigurations = (
				D19E34651EF08C18006455DD /* Debug */,
				D19E34661EF08C18006455DD /* Release */,
			);
			defaultConfigurationIsVisible = 0;
			defaultConfigurationName = Release;
		};
		D19E34671EF08C18006455DD /* Build configuration list for PBXNativeTarget "Grocery" */ = {
			isa = XCConfigurationList;
			buildConfigurations = (
				D19E34681EF08C18006455DD /* Debug */,
				D19E34691EF08C18006455DD /* Release */,
			);
			defaultConfigurationIsVisible = 0;
			defaultConfigurationName = Release;
		};
/* End XCConfigurationList section */
	};
	rootObject = D19E344D1EF08C18006455DD /* Project object */;
}
